
Microsoft Visual Studio Solution File, Format Version 12.00
# Visual Studio Version 17
VisualStudioVersion = 17.4.33205.214
MinimumVisualStudioVersion = 10.0.40219.1
Project("{FAE04EC0-301F-11D3-BF4B-00C04F79EFBC}") = "SecondProject", "SecondProject.csproj", "{D94D82BE-DEDC-4099-BF07-2E401EBF0F03}"
EndProject
Global
	GlobalSection(SolutionConfigurationPlatforms) = preSolution
		Debug|Any CPU = Debug|Any CPU
		Release|Any CPU = Release|Any CPU
	EndGlobalSection
	GlobalSection(ProjectConfigurationPlatforms) = postSolution
		{D94D82BE-DEDC-4099-BF07-2E401EBF0F03}.Debug|Any CPU.ActiveCfg = Debug|Any CPU
		{D94D82BE-DEDC-4099-BF07-2E401EBF0F03}.Debug|Any CPU.Build.0 = Debug|Any CPU
		{D94D82BE-DEDC-4099-BF07-2E401EBF0F03}.Release|Any CPU.ActiveCfg = Release|Any CPU
		{D94D82BE-DEDC-4099-BF07-2E401EBF0F03}.Release|Any CPU.Build.0 = Release|Any CPU
	EndGlobalSection
	GlobalSection(SolutionProperties) = preSolution
		HideSolutionNode = FALSE
	EndGlobalSection
	GlobalSection(ExtensibilityGlobals) = postSolution
		SolutionGuid = {AFE4F0F1-1E66-4A1A-8DCF-03953A4A068B}
	EndGlobalSection
EndGlobal
